
Microsoft Visual Studio Solution File, Format Version 12.00
# Visual Studio 2013
VisualStudioVersion = 12.0.31101.0
MinimumVisualStudioVersion = 10.0.40219.1
Project("{BE0A4C86-FC82-4F70-8ED6-D24C8B13E7BF}") = "ECS140HW3", "Project1\ECS140HW3.javaproj", "{22D9C21C-DC51-49C7-9C48-DB2586A91F4A}"
EndProject
Global
	GlobalSection(SolutionConfigurationPlatforms) = preSolution
		Debug|Any CPU = Debug|Any CPU
		Release|Any CPU = Release|Any CPU
	EndGlobalSection
	GlobalSection(ProjectConfigurationPlatforms) = postSolution
		{22D9C21C-DC51-49C7-9C48-DB2586A91F4A}.Debug|Any CPU.ActiveCfg = Debug|Any CPU
		{22D9C21C-DC51-49C7-9C48-DB2586A91F4A}.Debug|Any CPU.Build.0 = Debug|Any CPU
		{22D9C21C-DC51-49C7-9C48-DB2586A91F4A}.Release|Any CPU.ActiveCfg = Release|Any CPU
		{22D9C21C-DC51-49C7-9C48-DB2586A91F4A}.Release|Any CPU.Build.0 = Release|Any CPU
	EndGlobalSection
	GlobalSection(SolutionProperties) = preSolution
		HideSolutionNode = FALSE
	EndGlobalSection
EndGlobal
