
Microsoft Visual Studio Solution File, Format Version 12.00
# Visual Studio 2013
VisualStudioVersion = 12.0.31101.0
MinimumVisualStudioVersion = 10.0.40219.1
Project("{8BC9CEB8-8B4A-11D0-8D11-00A0C91BC942}") = "ecs 50 hw3", "ecs 50 hw3\ecs 50 hw3.vcxproj", "{F7A7749C-9FF7-49E6-B61B-01277C305C9B}"
EndProject
Global
	GlobalSection(SolutionConfigurationPlatforms) = preSolution
		Debug|Win32 = Debug|Win32
		Release|Win32 = Release|Win32
	EndGlobalSection
	GlobalSection(ProjectConfigurationPlatforms) = postSolution
		{F7A7749C-9FF7-49E6-B61B-01277C305C9B}.Debug|Win32.ActiveCfg = Debug|Win32
		{F7A7749C-9FF7-49E6-B61B-01277C305C9B}.Debug|Win32.Build.0 = Debug|Win32
		{F7A7749C-9FF7-49E6-B61B-01277C305C9B}.Release|Win32.ActiveCfg = Release|Win32
		{F7A7749C-9FF7-49E6-B61B-01277C305C9B}.Release|Win32.Build.0 = Release|Win32
	EndGlobalSection
	GlobalSection(SolutionProperties) = preSolution
		HideSolutionNode = FALSE
	EndGlobalSection
EndGlobal
